<?xml version="1.0" encoding="utf-8"?>
<Project ToolsVersion="4.0" xmlns="http://schemas.microsoft.com/developer/msbuild/2003">
  <ItemGroup>
    <Filter Include="源文件">
      <UniqueIdentifier>{4FC737F1-C7A5-4376-A066-2A32D752A2FF}</UniqueIdentifier>
      <Extensions>cpp;c;cc;cxx;def;odl;idl;hpj;bat;asm;asmx</Extensions>
    </Filter>
    <Filter Include="头文件">
      <UniqueIdentifier>{93995380-89BD-4b04-88EB-625FBE52EBFB}</UniqueIdentifier>
      <Extensions>h;hh;hpp;hxx;hm;inl;inc;ipp;xsd</Extensions>
    </Filter>
    <Filter Include="资源文件">
      <UniqueIdentifier>{67DA6AB6-F800-4c08-8B7A-83BB121AAD01}</UniqueIdentifier>
      <Extensions>rc;ico;cur;bmp;dlg;rc2;rct;bin;rgs;gif;jpg;jpeg;jpe;resx;tiff;tif;png;wav;mfcribbon-ms</Extensions>
    </Filter>
    <Filter Include="头文件\01.数据结构与算法">
      <UniqueIdentifier>{b63f3149-c28f-49ee-a3ce-a703fd3d02da}</UniqueIdentifier>
    </Filter>
    <Filter Include="头文件\01.数据结构与算法\01.排序&amp;查找">
      <UniqueIdentifier>{741dcb98-b6f1-4535-81d1-c8054bc40119}</UniqueIdentifier>
    </Filter>
    <Filter Include="头文件\01.数据结构与算法\02.链表">
      <UniqueIdentifier>{a185317f-4ca3-4460-98c9-2c68d11df01d}</UniqueIdentifier>
    </Filter>
    <Filter Include="头文件\01.数据结构与算法\03.二叉树">
      <UniqueIdentifier>{b5601586-e6f5-475c-8194-b61343b68d08}</UniqueIdentifier>
    </Filter>
    <Filter Include="头文件\01.数据结构与算法\04.图">
      <UniqueIdentifier>{f3fb9b5b-75fe-4863-bfe3-c6454c9f13f5}</UniqueIdentifier>
    </Filter>
    <Filter Include="头文件\01.数据结构与算法\05.高级">
      <UniqueIdentifier>{5cf51a4b-8709-49be-8c98-8a3b4d004b44}</UniqueIdentifier>
    </Filter>
    <Filter Include="头文件\02.牛客中级算法">
      <UniqueIdentifier>{3fd7d6e1-7558-401e-9871-da57013b3dbe}</UniqueIdentifier>
    </Filter>
    <Filter Include="头文件\03.牛客高级算法">
      <UniqueIdentifier>{974cfbb6-a8b1-4e2c-96e4-2bd93749b9d5}</UniqueIdentifier>
    </Filter>
    <Filter Include="头文件\04.剑指Offer">
      <UniqueIdentifier>{4bba5ba3-f2b0-49d1-bdb5-71485a7c57df}</UniqueIdentifier>
    </Filter>
    <Filter Include="头文件\00.基本工具">
      <UniqueIdentifier>{e5a7516b-4a6d-4b55-8829-1f97b88f9ce9}</UniqueIdentifier>
    </Filter>
  </ItemGroup>
  <ItemGroup>
    <ClCompile Include="Data-Structure-Cpp\main.cpp">
      <Filter>源文件</Filter>
    </ClCompile>
  </ItemGroup>
  <ItemGroup>
    <ClInclude Include="Data-Structure-Cpp\00.BasicTools\basic.h">
      <Filter>头文件\00.基本工具</Filter>
    </ClInclude>
    <ClInclude Include="Data-Structure-Cpp\01.DataStructure&amp;Algorithm\01.Sort&amp;Search\Exercise00_SortTools.h">
      <Filter>头文件\01.数据结构与算法\01.排序&amp;查找</Filter>
    </ClInclude>
    <ClInclude Include="Data-Structure-Cpp\01.DataStructure&amp;Algorithm\01.Sort&amp;Search\Exercise01_SelectionSort.h">
      <Filter>头文件\01.数据结构与算法\01.排序&amp;查找</Filter>
    </ClInclude>
    <ClInclude Include="Data-Structure-Cpp\01.DataStructure&amp;Algorithm\01.Sort&amp;Search\Exercise02_BubbleSort.h">
      <Filter>头文件\01.数据结构与算法\01.排序&amp;查找</Filter>
    </ClInclude>
    <ClInclude Include="Data-Structure-Cpp\01.DataStructure&amp;Algorithm\01.Sort&amp;Search\Exercise03_InsertionSort.h">
      <Filter>头文件\01.数据结构与算法\01.排序&amp;查找</Filter>
    </ClInclude>
    <ClInclude Include="Data-Structure-Cpp\01.DataStructure&amp;Algorithm\01.Sort&amp;Search\Exercise04_HeapSort.h">
      <Filter>头文件\01.数据结构与算法\01.排序&amp;查找</Filter>
    </ClInclude>
    <ClInclude Include="Data-Structure-Cpp\01.DataStructure&amp;Algorithm\01.Sort&amp;Search\Exercise05_MergeSort.h">
      <Filter>头文件\01.数据结构与算法\01.排序&amp;查找</Filter>
    </ClInclude>
    <ClInclude Include="Data-Structure-Cpp\01.DataStructure&amp;Algorithm\01.Sort&amp;Search\Exercise06_QuickSort.h">
      <Filter>头文件\01.数据结构与算法\01.排序&amp;查找</Filter>
    </ClInclude>
    <ClInclude Include="Data-Structure-Cpp\01.DataStructure&amp;Algorithm\01.Sort&amp;Search\Exercise07_BinarySearch.h">
      <Filter>头文件\01.数据结构与算法\01.排序&amp;查找</Filter>
    </ClInclude>
    <ClInclude Include="Data-Structure-Cpp\01.DataStructure&amp;Algorithm\01.Sort&amp;Search\main_sort.h">
      <Filter>头文件\01.数据结构与算法\01.排序&amp;查找</Filter>
    </ClInclude>
    <ClInclude Include="Data-Structure-Cpp\01.DataStructure&amp;Algorithm\02.LinkedList\Exercise00_ListTools.h">
      <Filter>头文件\01.数据结构与算法\02.链表</Filter>
    </ClInclude>
    <ClInclude Include="Data-Structure-Cpp\01.DataStructure&amp;Algorithm\02.LinkedList\Exercise01_ReverseLinkedList.h">
      <Filter>头文件\01.数据结构与算法\02.链表</Filter>
    </ClInclude>
    <ClInclude Include="Data-Structure-Cpp\01.DataStructure&amp;Algorithm\02.LinkedList\Exercise02_ListPartition.h">
      <Filter>头文件\01.数据结构与算法\02.链表</Filter>
    </ClInclude>
    <ClInclude Include="Data-Structure-Cpp\01.DataStructure&amp;Algorithm\02.LinkedList\Exercise03_ListDuplicate.h">
      <Filter>头文件\01.数据结构与算法\02.链表</Filter>
    </ClInclude>
    <ClInclude Include="Data-Structure-Cpp\01.DataStructure&amp;Algorithm\02.LinkedList\Exercise04_DoublePointer.h">
      <Filter>头文件\01.数据结构与算法\02.链表</Filter>
    </ClInclude>
    <ClInclude Include="Data-Structure-Cpp\01.DataStructure&amp;Algorithm\02.LinkedList\main_list.h">
      <Filter>头文件\01.数据结构与算法\02.链表</Filter>
    </ClInclude>
    <ClInclude Include="Data-Structure-Cpp\01.DataStructure&amp;Algorithm\03.BinaryTree\Exercise00_TreeTools.h">
      <Filter>头文件\01.数据结构与算法\03.二叉树</Filter>
    </ClInclude>
    <ClInclude Include="Data-Structure-Cpp\01.DataStructure&amp;Algorithm\03.BinaryTree\Exercise01_RecurTraversal.h">
      <Filter>头文件\01.数据结构与算法\03.二叉树</Filter>
    </ClInclude>
    <ClInclude Include="Data-Structure-Cpp\01.DataStructure&amp;Algorithm\03.BinaryTree\Exercise02_UnrecurTraversal.h">
      <Filter>头文件\01.数据结构与算法\03.二叉树</Filter>
    </ClInclude>
    <ClInclude Include="Data-Structure-Cpp\01.DataStructure&amp;Algorithm\03.BinaryTree\Exercise03_TreeDP.h">
      <Filter>头文件\01.数据结构与算法\03.二叉树</Filter>
    </ClInclude>
    <ClInclude Include="Data-Structure-Cpp\01.DataStructure&amp;Algorithm\03.BinaryTree\main_tree.h">
      <Filter>头文件\01.数据结构与算法\03.二叉树</Filter>
    </ClInclude>
    <ClInclude Include="Data-Structure-Cpp\01.DataStructure&amp;Algorithm\04.Graph\Exercise00_Graph.h">
      <Filter>头文件\01.数据结构与算法\04.图</Filter>
    </ClInclude>
    <ClInclude Include="Data-Structure-Cpp\01.DataStructure&amp;Algorithm\04.Graph\Exercise00_GraphEdge.h">
      <Filter>头文件\01.数据结构与算法\04.图</Filter>
    </ClInclude>
    <ClInclude Include="Data-Structure-Cpp\01.DataStructure&amp;Algorithm\04.Graph\Exercise00_GraphNode.h">
      <Filter>头文件\01.数据结构与算法\04.图</Filter>
    </ClInclude>
    <ClInclude Include="Data-Structure-Cpp\01.DataStructure&amp;Algorithm\04.Graph\Exercise00_GraphTools.h">
      <Filter>头文件\01.数据结构与算法\04.图</Filter>
    </ClInclude>
    <ClInclude Include="Data-Structure-Cpp\01.DataStructure&amp;Algorithm\04.Graph\Exercise01_BFS.h">
      <Filter>头文件\01.数据结构与算法\04.图</Filter>
    </ClInclude>
    <ClInclude Include="Data-Structure-Cpp\01.DataStructure&amp;Algorithm\04.Graph\Exercise02_DFS.h">
      <Filter>头文件\01.数据结构与算法\04.图</Filter>
    </ClInclude>
    <ClInclude Include="Data-Structure-Cpp\01.DataStructure&amp;Algorithm\04.Graph\Exercise03_TopologySort.h">
      <Filter>头文件\01.数据结构与算法\04.图</Filter>
    </ClInclude>
    <ClInclude Include="Data-Structure-Cpp\01.DataStructure&amp;Algorithm\04.Graph\Exercise04_Kruskal.h">
      <Filter>头文件\01.数据结构与算法\04.图</Filter>
    </ClInclude>
    <ClInclude Include="Data-Structure-Cpp\01.DataStructure&amp;Algorithm\04.Graph\Exercise05_Prim.h">
      <Filter>头文件\01.数据结构与算法\04.图</Filter>
    </ClInclude>
    <ClInclude Include="Data-Structure-Cpp\01.DataStructure&amp;Algorithm\04.Graph\Exercise06_Dijkstra.h">
      <Filter>头文件\01.数据结构与算法\04.图</Filter>
    </ClInclude>
    <ClInclude Include="Data-Structure-Cpp\01.DataStructure&amp;Algorithm\04.Graph\main_graph.h">
      <Filter>头文件\01.数据结构与算法\04.图</Filter>
    </ClInclude>
    <ClInclude Include="Data-Structure-Cpp\01.DataStructure&amp;Algorithm\05.Advanced\Exercise00_AdvancedTools.h">
      <Filter>头文件\01.数据结构与算法\05.高级</Filter>
    </ClInclude>
    <ClInclude Include="Data-Structure-Cpp\01.DataStructure&amp;Algorithm\05.Advanced\Exercise01_Trie.h">
      <Filter>头文件\01.数据结构与算法\05.高级</Filter>
    </ClInclude>
    <ClInclude Include="Data-Structure-Cpp\01.DataStructure&amp;Algorithm\05.Advanced\Exercise02_UnionFind.h">
      <Filter>头文件\01.数据结构与算法\05.高级</Filter>
    </ClInclude>
    <ClInclude Include="Data-Structure-Cpp\01.DataStructure&amp;Algorithm\05.Advanced\Exercise03_KMP.h">
      <Filter>头文件\01.数据结构与算法\05.高级</Filter>
    </ClInclude>
    <ClInclude Include="Data-Structure-Cpp\01.DataStructure&amp;Algorithm\05.Advanced\Exercise04_Manacher.h">
      <Filter>头文件\01.数据结构与算法\05.高级</Filter>
    </ClInclude>
    <ClInclude Include="Data-Structure-Cpp\01.DataStructure&amp;Algorithm\05.Advanced\Exercise05_SlidingWindow.h">
      <Filter>头文件\01.数据结构与算法\05.高级</Filter>
    </ClInclude>
    <ClInclude Include="Data-Structure-Cpp\01.DataStructure&amp;Algorithm\05.Advanced\Exercise06_MonotonousStack.h">
      <Filter>头文件\01.数据结构与算法\05.高级</Filter>
    </ClInclude>
    <ClInclude Include="Data-Structure-Cpp\01.DataStructure&amp;Algorithm\05.Advanced\Exercise07_MorrisTraversal.h">
      <Filter>头文件\01.数据结构与算法\05.高级</Filter>
    </ClInclude>
    <ClInclude Include="Data-Structure-Cpp\01.DataStructure&amp;Algorithm\05.Advanced\main_advanced.h">
      <Filter>头文件\01.数据结构与算法\05.高级</Filter>
    </ClInclude>
    <ClInclude Include="Data-Structure-Cpp\02.Nowcoder_Intermediate\Exercise00_NowcoderTools.h">
      <Filter>头文件\02.牛客中级算法</Filter>
    </ClInclude>
    <ClInclude Include="Data-Structure-Cpp\02.Nowcoder_Intermediate\Exercise01.h">
      <Filter>头文件\02.牛客中级算法</Filter>
    </ClInclude>
    <ClInclude Include="Data-Structure-Cpp\02.Nowcoder_Intermediate\Exercise02.h">
      <Filter>头文件\02.牛客中级算法</Filter>
    </ClInclude>
    <ClInclude Include="Data-Structure-Cpp\02.Nowcoder_Intermediate\Exercise03.h">
      <Filter>头文件\02.牛客中级算法</Filter>
    </ClInclude>
    <ClInclude Include="Data-Structure-Cpp\02.Nowcoder_Intermediate\Exercise04.h">
      <Filter>头文件\02.牛客中级算法</Filter>
    </ClInclude>
    <ClInclude Include="Data-Structure-Cpp\02.Nowcoder_Intermediate\Exercise05.h">
      <Filter>头文件\02.牛客中级算法</Filter>
    </ClInclude>
    <ClInclude Include="Data-Structure-Cpp\02.Nowcoder_Intermediate\Exercise06.h">
      <Filter>头文件\02.牛客中级算法</Filter>
    </ClInclude>
    <ClInclude Include="Data-Structure-Cpp\02.Nowcoder_Intermediate\Exercise07.h">
      <Filter>头文件\02.牛客中级算法</Filter>
    </ClInclude>
    <ClInclude Include="Data-Structure-Cpp\02.Nowcoder_Intermediate\Exercise08.h">
      <Filter>头文件\02.牛客中级算法</Filter>
    </ClInclude>
    <ClInclude Include="Data-Structure-Cpp\02.Nowcoder_Intermediate\Exercise09.h">
      <Filter>头文件\02.牛客中级算法</Filter>
    </ClInclude>
    <ClInclude Include="Data-Structure-Cpp\02.Nowcoder_Intermediate\Exercise10.h">
      <Filter>头文件\02.牛客中级算法</Filter>
    </ClInclude>
    <ClInclude Include="Data-Structure-Cpp\02.Nowcoder_Intermediate\Exercise11.h">
      <Filter>头文件\02.牛客中级算法</Filter>
    </ClInclude>
    <ClInclude Include="Data-Structure-Cpp\02.Nowcoder_Intermediate\Exercise12.h">
      <Filter>头文件\02.牛客中级算法</Filter>
    </ClInclude>
    <ClInclude Include="Data-Structure-Cpp\02.Nowcoder_Intermediate\Exercise13.h">
      <Filter>头文件\02.牛客中级算法</Filter>
    </ClInclude>
    <ClInclude Include="Data-Structure-Cpp\02.Nowcoder_Intermediate\Exercise14.h">
      <Filter>头文件\02.牛客中级算法</Filter>
    </ClInclude>
    <ClInclude Include="Data-Structure-Cpp\02.Nowcoder_Intermediate\Exercise15.h">
      <Filter>头文件\02.牛客中级算法</Filter>
    </ClInclude>
    <ClInclude Include="Data-Structure-Cpp\02.Nowcoder_Intermediate\Exercise16.h">
      <Filter>头文件\02.牛客中级算法</Filter>
    </ClInclude>
    <ClInclude Include="Data-Structure-Cpp\02.Nowcoder_Intermediate\Exercise17.h">
      <Filter>头文件\02.牛客中级算法</Filter>
    </ClInclude>
    <ClInclude Include="Data-Structure-Cpp\02.Nowcoder_Intermediate\Exercise18.h">
      <Filter>头文件\02.牛客中级算法</Filter>
    </ClInclude>
    <ClInclude Include="Data-Structure-Cpp\02.Nowcoder_Intermediate\Exercise19.h">
      <Filter>头文件\02.牛客中级算法</Filter>
    </ClInclude>
    <ClInclude Include="Data-Structure-Cpp\02.Nowcoder_Intermediate\Exercise20.h">
      <Filter>头文件\02.牛客中级算法</Filter>
    </ClInclude>
    <ClInclude Include="Data-Structure-Cpp\02.Nowcoder_Intermediate\Exercise21.h">
      <Filter>头文件\02.牛客中级算法</Filter>
    </ClInclude>
    <ClInclude Include="Data-Structure-Cpp\02.Nowcoder_Intermediate\Exercise22.h">
      <Filter>头文件\02.牛客中级算法</Filter>
    </ClInclude>
    <ClInclude Include="Data-Structure-Cpp\02.Nowcoder_Intermediate\Exercise23.h">
      <Filter>头文件\02.牛客中级算法</Filter>
    </ClInclude>
    <ClInclude Include="Data-Structure-Cpp\02.Nowcoder_Intermediate\Exercise24.h">
      <Filter>头文件\02.牛客中级算法</Filter>
    </ClInclude>
    <ClInclude Include="Data-Structure-Cpp\02.Nowcoder_Intermediate\Exercise25.h">
      <Filter>头文件\02.牛客中级算法</Filter>
    </ClInclude>
    <ClInclude Include="Data-Structure-Cpp\02.Nowcoder_Intermediate\Exercise26.h">
      <Filter>头文件\02.牛客中级算法</Filter>
    </ClInclude>
    <ClInclude Include="Data-Structure-Cpp\02.Nowcoder_Intermediate\Exercise27.h">
      <Filter>头文件\02.牛客中级算法</Filter>
    </ClInclude>
    <ClInclude Include="Data-Structure-Cpp\02.Nowcoder_Intermediate\Exercise28.h">
      <Filter>头文件\02.牛客中级算法</Filter>
    </ClInclude>
    <ClInclude Include="Data-Structure-Cpp\02.Nowcoder_Intermediate\Exercise29.h">
      <Filter>头文件\02.牛客中级算法</Filter>
    </ClInclude>
    <ClInclude Include="Data-Structure-Cpp\02.Nowcoder_Intermediate\Exercise30.h">
      <Filter>头文件\02.牛客中级算法</Filter>
    </ClInclude>
    <ClInclude Include="Data-Structure-Cpp\02.Nowcoder_Intermediate\Exercise31.h">
      <Filter>头文件\02.牛客中级算法</Filter>
    </ClInclude>
    <ClInclude Include="Data-Structure-Cpp\02.Nowcoder_Intermediate\Exercise32.h">
      <Filter>头文件\02.牛客中级算法</Filter>
    </ClInclude>
    <ClInclude Include="Data-Structure-Cpp\02.Nowcoder_Intermediate\Exercise33.h">
      <Filter>头文件\02.牛客中级算法</Filter>
    </ClInclude>
    <ClInclude Include="Data-Structure-Cpp\02.Nowcoder_Intermediate\Exercise34.h">
      <Filter>头文件\02.牛客中级算法</Filter>
    </ClInclude>
    <ClInclude Include="Data-Structure-Cpp\02.Nowcoder_Intermediate\Exercise35.h">
      <Filter>头文件\02.牛客中级算法</Filter>
    </ClInclude>
    <ClInclude Include="Data-Structure-Cpp\02.Nowcoder_Intermediate\Exercise36.h">
      <Filter>头文件\02.牛客中级算法</Filter>
    </ClInclude>
    <ClInclude Include="Data-Structure-Cpp\02.Nowcoder_Intermediate\Exercise37.h">
      <Filter>头文件\02.牛客中级算法</Filter>
    </ClInclude>
    <ClInclude Include="Data-Structure-Cpp\02.Nowcoder_Intermediate\Exercise38.h">
      <Filter>头文件\02.牛客中级算法</Filter>
    </ClInclude>
    <ClInclude Include="Data-Structure-Cpp\02.Nowcoder_Intermediate\Exercise39.h">
      <Filter>头文件\02.牛客中级算法</Filter>
    </ClInclude>
    <ClInclude Include="Data-Structure-Cpp\02.Nowcoder_Intermediate\Exercise40.h">
      <Filter>头文件\02.牛客中级算法</Filter>
    </ClInclude>
    <ClInclude Include="Data-Structure-Cpp\02.Nowcoder_Intermediate\Exercise41.h">
      <Filter>头文件\02.牛客中级算法</Filter>
    </ClInclude>
    <ClInclude Include="Data-Structure-Cpp\02.Nowcoder_Intermediate\Exercise42.h">
      <Filter>头文件\02.牛客中级算法</Filter>
    </ClInclude>
    <ClInclude Include="Data-Structure-Cpp\02.Nowcoder_Intermediate\Exercise43.h">
      <Filter>头文件\02.牛客中级算法</Filter>
    </ClInclude>
    <ClInclude Include="Data-Structure-Cpp\02.Nowcoder_Intermediate\Exercise44.h">
      <Filter>头文件\02.牛客中级算法</Filter>
    </ClInclude>
    <ClInclude Include="Data-Structure-Cpp\02.Nowcoder_Intermediate\Exercise45.h">
      <Filter>头文件\02.牛客中级算法</Filter>
    </ClInclude>
    <ClInclude Include="Data-Structure-Cpp\02.Nowcoder_Intermediate\Exercise46.h">
      <Filter>头文件\02.牛客中级算法</Filter>
    </ClInclude>
    <ClInclude Include="Data-Structure-Cpp\02.Nowcoder_Intermediate\Exercise47.h">
      <Filter>头文件\02.牛客中级算法</Filter>
    </ClInclude>
    <ClInclude Include="Data-Structure-Cpp\02.Nowcoder_Intermediate\Exercise48.h">
      <Filter>头文件\02.牛客中级算法</Filter>
    </ClInclude>
    <ClInclude Include="Data-Structure-Cpp\02.Nowcoder_Intermediate\Exercise49.h">
      <Filter>头文件\02.牛客中级算法</Filter>
    </ClInclude>
    <ClInclude Include="Data-Structure-Cpp\02.Nowcoder_Intermediate\Exercise50.h">
      <Filter>头文件\02.牛客中级算法</Filter>
    </ClInclude>
    <ClInclude Include="Data-Structure-Cpp\02.Nowcoder_Intermediate\Exercise51.h">
      <Filter>头文件\02.牛客中级算法</Filter>
    </ClInclude>
    <ClInclude Include="Data-Structure-Cpp\02.Nowcoder_Intermediate\Exercise52.h">
      <Filter>头文件\02.牛客中级算法</Filter>
    </ClInclude>
    <ClInclude Include="Data-Structure-Cpp\02.Nowcoder_Intermediate\Exercise53.h">
      <Filter>头文件\02.牛客中级算法</Filter>
    </ClInclude>
    <ClInclude Include="Data-Structure-Cpp\02.Nowcoder_Intermediate\Exercise54.h">
      <Filter>头文件\02.牛客中级算法</Filter>
    </ClInclude>
    <ClInclude Include="Data-Structure-Cpp\02.Nowcoder_Intermediate\Exercise55.h">
      <Filter>头文件\02.牛客中级算法</Filter>
    </ClInclude>
    <ClInclude Include="Data-Structure-Cpp\02.Nowcoder_Intermediate\Exercise56.h">
      <Filter>头文件\02.牛客中级算法</Filter>
    </ClInclude>
    <ClInclude Include="Data-Structure-Cpp\02.Nowcoder_Intermediate\main_nowcoder_intermediate.h">
      <Filter>头文件\02.牛客中级算法</Filter>
    </ClInclude>
    <ClInclude Include="Data-Structure-Cpp\03.Nowcoder_Advanced\main_nowcoder_advanced.h">
      <Filter>头文件\03.牛客高级算法</Filter>
    </ClInclude>
    <ClInclude Include="Data-Structure-Cpp\04.Offer\Exercise00_OfferTools.h">
      <Filter>头文件\04.剑指Offer</Filter>
    </ClInclude>
    <ClInclude Include="Data-Structure-Cpp\04.Offer\Exercise02.h">
      <Filter>头文件\04.剑指Offer</Filter>
    </ClInclude>
    <ClInclude Include="Data-Structure-Cpp\04.Offer\Exercise03.h">
      <Filter>头文件\04.剑指Offer</Filter>
    </ClInclude>
    <ClInclude Include="Data-Structure-Cpp\04.Offer\Exercise04.h">
      <Filter>头文件\04.剑指Offer</Filter>
    </ClInclude>
    <ClInclude Include="Data-Structure-Cpp\04.Offer\main_offer.h">
      <Filter>头文件\04.剑指Offer</Filter>
    </ClInclude>
  </ItemGroup>
  <ItemGroup>
    <None Include="README.md">
      <Filter>资源文件</Filter>
    </None>
  </ItemGroup>
</Project>