<?xml version="1.0" encoding="utf-8"?>
<Project ToolsVersion="4.0" xmlns="http://schemas.microsoft.com/developer/msbuild/2003">
  <ItemGroup>
    <Filter Include="Source Files">
      <UniqueIdentifier>{4FC737F1-C7A5-4376-A066-2A32D752A2FF}</UniqueIdentifier>
      <Extensions>cpp;c;cc;cxx;def;odl;idl;hpj;bat;asm;asmx</Extensions>
    </Filter>
    <Filter Include="Header Files">
      <UniqueIdentifier>{93995380-89BD-4b04-88EB-625FBE52EBFB}</UniqueIdentifier>
      <Extensions>h;hh;hpp;hxx;hm;inl;inc;xsd</Extensions>
    </Filter>
    <Filter Include="Form Files">
      <UniqueIdentifier>{99349809-55BA-4b9d-BF79-8FDBB0286EB3}</UniqueIdentifier>
      <Extensions>ui</Extensions>
    </Filter>
    <Filter Include="Resource Files">
      <UniqueIdentifier>{D9D6E242-F8AF-46E4-B9FD-80ECBC20BA3E}</UniqueIdentifier>
      <Extensions>qrc;*</Extensions>
      <ParseFiles>false</ParseFiles>
    </Filter>
    <Filter Include="Header Files\01.Sort&amp;Search">
      <UniqueIdentifier>{cfe5e0e7-1661-41d6-a357-e3764967d105}</UniqueIdentifier>
    </Filter>
    <Filter Include="Header Files\02.LinkedList">
      <UniqueIdentifier>{e4af0e0a-647d-4003-bc97-a9986b790218}</UniqueIdentifier>
    </Filter>
    <Filter Include="Header Files\03.BinaryTree">
      <UniqueIdentifier>{b7cc2701-9a4b-4655-bb6a-7f67a594a19e}</UniqueIdentifier>
    </Filter>
    <Filter Include="Header Files\04.Graph">
      <UniqueIdentifier>{0656edd9-44ba-4114-99d4-5d4879265ad9}</UniqueIdentifier>
    </Filter>
    <Filter Include="Header Files\00.BasicTools">
      <UniqueIdentifier>{0fec5cbe-d74f-42be-b9b5-afccae991ec0}</UniqueIdentifier>
    </Filter>
    <Filter Include="Header Files\05.Advanced">
      <UniqueIdentifier>{31ad7fb9-cad4-4410-b0f5-41275eb87943}</UniqueIdentifier>
    </Filter>
    <Filter Include="Resource Files">
      <UniqueIdentifier>{D9D6E242-F8AF-46E4-B9FD-80ECBC20BA3E}</UniqueIdentifier>
      <Extensions>qrc;*</Extensions>
      <ParseFiles>false</ParseFiles>
    </Filter>
  </ItemGroup>
  <ItemGroup>
    <QtRcc Include="DataStructure.qrc">
      <Filter>Resource Files</Filter>
    </QtRcc>
  </ItemGroup>
  <ItemGroup>
    <ClInclude Include="Data-Structure-Cpp\00.BasicTools\basic.h">
      <Filter>Header Files\00.BasicTools</Filter>
    </ClInclude>
    <ClInclude Include="Data-Structure-Cpp\01.Sort&amp;Search\Exercise00_SortTools.h">
      <Filter>Header Files\01.Sort&amp;Search</Filter>
    </ClInclude>
    <ClInclude Include="Data-Structure-Cpp\01.Sort&amp;Search\Exercise01_SelectionSort.h">
      <Filter>Header Files\01.Sort&amp;Search</Filter>
    </ClInclude>
    <ClInclude Include="Data-Structure-Cpp\01.Sort&amp;Search\Exercise02_BubbleSort.h">
      <Filter>Header Files\01.Sort&amp;Search</Filter>
    </ClInclude>
    <ClInclude Include="Data-Structure-Cpp\01.Sort&amp;Search\Exercise03_InsertionSort.h">
      <Filter>Header Files\01.Sort&amp;Search</Filter>
    </ClInclude>
    <ClInclude Include="Data-Structure-Cpp\01.Sort&amp;Search\Exercise04_HeapSort.h">
      <Filter>Header Files\01.Sort&amp;Search</Filter>
    </ClInclude>
    <ClInclude Include="Data-Structure-Cpp\01.Sort&amp;Search\Exercise05_MergeSort.h">
      <Filter>Header Files\01.Sort&amp;Search</Filter>
    </ClInclude>
    <ClInclude Include="Data-Structure-Cpp\01.Sort&amp;Search\Exercise06_QuickSort.h">
      <Filter>Header Files\01.Sort&amp;Search</Filter>
    </ClInclude>
    <ClInclude Include="Data-Structure-Cpp\01.Sort&amp;Search\Exercise07_BinarySearch.h">
      <Filter>Header Files\01.Sort&amp;Search</Filter>
    </ClInclude>
    <ClInclude Include="Data-Structure-Cpp\01.Sort&amp;Search\MainSort.h">
      <Filter>Header Files\01.Sort&amp;Search</Filter>
    </ClInclude>
    <ClInclude Include="Data-Structure-Cpp\02.LinkedList\Exercise00_ListTools.h">
      <Filter>Header Files\02.LinkedList</Filter>
    </ClInclude>
    <ClInclude Include="Data-Structure-Cpp\02.LinkedList\Exercise01_ReverseLinkedList.h">
      <Filter>Header Files\02.LinkedList</Filter>
    </ClInclude>
    <ClInclude Include="Data-Structure-Cpp\02.LinkedList\Exercise02_ListPartition.h">
      <Filter>Header Files\02.LinkedList</Filter>
    </ClInclude>
    <ClInclude Include="Data-Structure-Cpp\02.LinkedList\Exercise03_ListDuplicate.h">
      <Filter>Header Files\02.LinkedList</Filter>
    </ClInclude>
    <ClInclude Include="Data-Structure-Cpp\02.LinkedList\Exercise04_DoublePointer.h">
      <Filter>Header Files\02.LinkedList</Filter>
    </ClInclude>
    <ClInclude Include="Data-Structure-Cpp\02.LinkedList\MainLinkedList.h">
      <Filter>Header Files\02.LinkedList</Filter>
    </ClInclude>
    <ClInclude Include="Data-Structure-Cpp\03.BinaryTree\Exercise00_TreeTools.h">
      <Filter>Header Files\03.BinaryTree</Filter>
    </ClInclude>
    <ClInclude Include="Data-Structure-Cpp\03.BinaryTree\Exercise01_RecurTraversal.h">
      <Filter>Header Files\03.BinaryTree</Filter>
    </ClInclude>
    <ClInclude Include="Data-Structure-Cpp\03.BinaryTree\Exercise02_UnrecurTraversal.h">
      <Filter>Header Files\03.BinaryTree</Filter>
    </ClInclude>
    <ClInclude Include="Data-Structure-Cpp\03.BinaryTree\Exercise03_TreeDP.h">
      <Filter>Header Files\03.BinaryTree</Filter>
    </ClInclude>
    <ClInclude Include="Data-Structure-Cpp\03.BinaryTree\MainTree.h">
      <Filter>Header Files\03.BinaryTree</Filter>
    </ClInclude>
    <ClInclude Include="Data-Structure-Cpp\04.Graph\Edge.h">
      <Filter>Header Files\04.Graph</Filter>
    </ClInclude>
    <ClInclude Include="Data-Structure-Cpp\04.Graph\Exercise00_GraphTools.h">
      <Filter>Header Files\04.Graph</Filter>
    </ClInclude>
    <ClInclude Include="Data-Structure-Cpp\04.Graph\Exercise01_BFS.h">
      <Filter>Header Files\04.Graph</Filter>
    </ClInclude>
    <ClInclude Include="Data-Structure-Cpp\04.Graph\Exercise02_DFS.h">
      <Filter>Header Files\04.Graph</Filter>
    </ClInclude>
    <ClInclude Include="Data-Structure-Cpp\04.Graph\Exercise03_TopologySort.h">
      <Filter>Header Files\04.Graph</Filter>
    </ClInclude>
    <ClInclude Include="Data-Structure-Cpp\04.Graph\Exercise04_Kruskal.h">
      <Filter>Header Files\04.Graph</Filter>
    </ClInclude>
    <ClInclude Include="Data-Structure-Cpp\04.Graph\Exercise05_Prim.h">
      <Filter>Header Files\04.Graph</Filter>
    </ClInclude>
    <ClInclude Include="Data-Structure-Cpp\04.Graph\Exercise06_Dijkstra.h">
      <Filter>Header Files\04.Graph</Filter>
    </ClInclude>
    <ClInclude Include="Data-Structure-Cpp\04.Graph\Graph.h">
      <Filter>Header Files\04.Graph</Filter>
    </ClInclude>
    <ClInclude Include="Data-Structure-Cpp\04.Graph\MainGraph.h">
      <Filter>Header Files\04.Graph</Filter>
    </ClInclude>
    <ClInclude Include="Data-Structure-Cpp\04.Graph\Node.h">
      <Filter>Header Files\04.Graph</Filter>
    </ClInclude>
    <ClInclude Include="Data-Structure-Cpp\05.Advanced\Exercise01_Trie.h">
      <Filter>Header Files\05.Advanced</Filter>
    </ClInclude>
    <ClInclude Include="Data-Structure-Cpp\05.Advanced\Exercise02_UnionFind.h">
      <Filter>Header Files\05.Advanced</Filter>
    </ClInclude>
    <ClInclude Include="Data-Structure-Cpp\05.Advanced\Exercise03_KMP.h">
      <Filter>Header Files\05.Advanced</Filter>
    </ClInclude>
    <ClInclude Include="Data-Structure-Cpp\05.Advanced\Exercise04_Manacher.h">
      <Filter>Header Files\05.Advanced</Filter>
    </ClInclude>
    <ClInclude Include="Data-Structure-Cpp\05.Advanced\Exercise06_MonotonousStack.h">
      <Filter>Header Files\05.Advanced</Filter>
    </ClInclude>
    <ClInclude Include="Data-Structure-Cpp\05.Advanced\Exercise05_SlidingWindow.h">
      <Filter>Header Files\05.Advanced</Filter>
    </ClInclude>
    <ClInclude Include="Data-Structure-Cpp\05.Advanced\Exercise07_MorrisTraversal.h">
      <Filter>Header Files\05.Advanced</Filter>
    </ClInclude>
    <ClInclude Include="Data-Structure-Cpp\05.Advanced\MainAdvanced.h">
      <Filter>Header Files\05.Advanced</Filter>
    </ClInclude>
  </ItemGroup>
  <ItemGroup>
    <ClCompile Include="Data-Structure-Cpp\main.cpp">
      <Filter>Source Files</Filter>
    </ClCompile>
  </ItemGroup>
</Project>